
Microsoft Visual Studio Solution File, Format Version 12.00
# Visual Studio Version 17
VisualStudioVersion = 17.8.34322.80
MinimumVisualStudioVersion = 10.0.40219.1
Project("{FAE04EC0-301F-11D3-BF4B-00C04F79EFBC}") = "MiniRäknare", "MiniRäknare.csproj", "{B8DC602B-6365-4261-A066-52A8257B1733}"
EndProject
Global
	GlobalSection(SolutionConfigurationPlatforms) = preSolution
		Debug|Any CPU = Debug|Any CPU
		Release|Any CPU = Release|Any CPU
	EndGlobalSection
	GlobalSection(ProjectConfigurationPlatforms) = postSolution
		{B8DC602B-6365-4261-A066-52A8257B1733}.Debug|Any CPU.ActiveCfg = Debug|Any CPU
		{B8DC602B-6365-4261-A066-52A8257B1733}.Debug|Any CPU.Build.0 = Debug|Any CPU
		{B8DC602B-6365-4261-A066-52A8257B1733}.Release|Any CPU.ActiveCfg = Release|Any CPU
		{B8DC602B-6365-4261-A066-52A8257B1733}.Release|Any CPU.Build.0 = Release|Any CPU
	EndGlobalSection
	GlobalSection(SolutionProperties) = preSolution
		HideSolutionNode = FALSE
	EndGlobalSection
	GlobalSection(ExtensibilityGlobals) = postSolution
		SolutionGuid = {5934D5E0-5579-4759-ADE3-B747F7F5A8C7}
	EndGlobalSection
EndGlobal
